
Microsoft Visual Studio Solution File, Format Version 12.00
# Visual Studio Version 17
VisualStudioVersion = 17.8.34322.80
MinimumVisualStudioVersion = 10.0.40219.1
Project("{FAE04EC0-301F-11D3-BF4B-00C04F79EFBC}") = "create product", "create product.csproj", "{06D74A56-DAAB-4B1C-AC7D-6C7ADF56E0E6}"
EndProject
Global
	GlobalSection(SolutionConfigurationPlatforms) = preSolution
		Debug|Any CPU = Debug|Any CPU
		Release|Any CPU = Release|Any CPU
	EndGlobalSection
	GlobalSection(ProjectConfigurationPlatforms) = postSolution
		{06D74A56-DAAB-4B1C-AC7D-6C7ADF56E0E6}.Debug|Any CPU.ActiveCfg = Debug|Any CPU
		{06D74A56-DAAB-4B1C-AC7D-6C7ADF56E0E6}.Debug|Any CPU.Build.0 = Debug|Any CPU
		{06D74A56-DAAB-4B1C-AC7D-6C7ADF56E0E6}.Release|Any CPU.ActiveCfg = Release|Any CPU
		{06D74A56-DAAB-4B1C-AC7D-6C7ADF56E0E6}.Release|Any CPU.Build.0 = Release|Any CPU
	EndGlobalSection
	GlobalSection(SolutionProperties) = preSolution
		HideSolutionNode = FALSE
	EndGlobalSection
	GlobalSection(ExtensibilityGlobals) = postSolution
		SolutionGuid = {CF5E25A6-49C8-4338-AD00-BD1DB47C7BAD}
	EndGlobalSection
EndGlobal
